
Microsoft Visual Studio Solution File, Format Version 12.00
# Visual Studio Version 16
VisualStudioVersion = 16.0.29806.167
MinimumVisualStudioVersion = 10.0.40219.1
Project("{9A19103F-16F7-4668-BE54-9A1E7A4F7556}") = "client", "client\client.csproj", "{E76D7AE1-7FB2-4ED3-8243-8562DC806E1E}"
EndProject
Project("{9A19103F-16F7-4668-BE54-9A1E7A4F7556}") = "server", "server\server.csproj", "{BDBC0515-7B94-44FE-97AD-95FE537F07AC}"
EndProject
Project("{2150E333-8FDC-42A3-9474-1A3956D46DE8}") = "Solution Items", "Solution Items", "{187DEDCA-5A13-4A2E-B396-C84EC51F5C3C}"
	ProjectSection(SolutionItems) = preProject
		.editorconfig = .editorconfig
		ApiEndpoints.md = ApiEndpoints.md
		README.md = README.md
	EndProjectSection
EndProject
Project("{2150E333-8FDC-42A3-9474-1A3956D46DE8}") = "Endpoints", "Endpoints", "{D583644F-8AAF-4E79-93CA-5A2BE524A255}"
	ProjectSection(SolutionItems) = preProject
		UserEndpoints.md = UserEndpoints.md
	EndProjectSection
EndProject
Project("{FAE04EC0-301F-11D3-BF4B-00C04F79EFBC}") = "server_test", "server_test\server_test.csproj", "{ABA7516D-7A0E-41D4-B2A4-605FACBA7E77}"
EndProject
Global
	GlobalSection(SolutionConfigurationPlatforms) = preSolution
		Debug|Any CPU = Debug|Any CPU
		Release|Any CPU = Release|Any CPU
	EndGlobalSection
	GlobalSection(ProjectConfigurationPlatforms) = postSolution
		{E76D7AE1-7FB2-4ED3-8243-8562DC806E1E}.Debug|Any CPU.ActiveCfg = Debug|Any CPU
		{E76D7AE1-7FB2-4ED3-8243-8562DC806E1E}.Debug|Any CPU.Build.0 = Debug|Any CPU
		{E76D7AE1-7FB2-4ED3-8243-8562DC806E1E}.Release|Any CPU.ActiveCfg = Release|Any CPU
		{E76D7AE1-7FB2-4ED3-8243-8562DC806E1E}.Release|Any CPU.Build.0 = Release|Any CPU
		{BDBC0515-7B94-44FE-97AD-95FE537F07AC}.Debug|Any CPU.ActiveCfg = Debug|Any CPU
		{BDBC0515-7B94-44FE-97AD-95FE537F07AC}.Debug|Any CPU.Build.0 = Debug|Any CPU
		{BDBC0515-7B94-44FE-97AD-95FE537F07AC}.Release|Any CPU.ActiveCfg = Release|Any CPU
		{BDBC0515-7B94-44FE-97AD-95FE537F07AC}.Release|Any CPU.Build.0 = Release|Any CPU
		{ABA7516D-7A0E-41D4-B2A4-605FACBA7E77}.Debug|Any CPU.ActiveCfg = Debug|Any CPU
		{ABA7516D-7A0E-41D4-B2A4-605FACBA7E77}.Debug|Any CPU.Build.0 = Debug|Any CPU
		{ABA7516D-7A0E-41D4-B2A4-605FACBA7E77}.Release|Any CPU.ActiveCfg = Release|Any CPU
		{ABA7516D-7A0E-41D4-B2A4-605FACBA7E77}.Release|Any CPU.Build.0 = Release|Any CPU
	EndGlobalSection
	GlobalSection(SolutionProperties) = preSolution
		HideSolutionNode = FALSE
	EndGlobalSection
	GlobalSection(NestedProjects) = preSolution
		{D583644F-8AAF-4E79-93CA-5A2BE524A255} = {187DEDCA-5A13-4A2E-B396-C84EC51F5C3C}
	EndGlobalSection
	GlobalSection(ExtensibilityGlobals) = postSolution
		SolutionGuid = {A4D947A5-4B25-4417-AE62-4897F094B875}
	EndGlobalSection
EndGlobal
